
Microsoft Visual Studio Solution File, Format Version 12.00
# Visual Studio Version 17
VisualStudioVersion = 17.5.33516.290
MinimumVisualStudioVersion = 10.0.40219.1
Project("{8BC9CEB8-8B4A-11D0-8D11-00A0C91BC942}") = "DirectX12Tutorial", "DirectX12Tutorial\DirectX12Tutorial.vcxproj", "{2E20B0A5-8E50-406D-A4FE-DD969CB8EA1D}"
EndProject
Global
	GlobalSection(SolutionConfigurationPlatforms) = preSolution
		Debug|x64 = Debug|x64
		Debug|x86 = Debug|x86
		Release|x64 = Release|x64
		Release|x86 = Release|x86
	EndGlobalSection
	GlobalSection(ProjectConfigurationPlatforms) = postSolution
		{2E20B0A5-8E50-406D-A4FE-DD969CB8EA1D}.Debug|x64.ActiveCfg = Debug|x64
		{2E20B0A5-8E50-406D-A4FE-DD969CB8EA1D}.Debug|x64.Build.0 = Debug|x64
		{2E20B0A5-8E50-406D-A4FE-DD969CB8EA1D}.Debug|x86.ActiveCfg = Debug|Win32
		{2E20B0A5-8E50-406D-A4FE-DD969CB8EA1D}.Debug|x86.Build.0 = Debug|Win32
		{2E20B0A5-8E50-406D-A4FE-DD969CB8EA1D}.Release|x64.ActiveCfg = Release|x64
		{2E20B0A5-8E50-406D-A4FE-DD969CB8EA1D}.Release|x64.Build.0 = Release|x64
		{2E20B0A5-8E50-406D-A4FE-DD969CB8EA1D}.Release|x86.ActiveCfg = Release|Win32
		{2E20B0A5-8E50-406D-A4FE-DD969CB8EA1D}.Release|x86.Build.0 = Release|Win32
	EndGlobalSection
	GlobalSection(SolutionProperties) = preSolution
		HideSolutionNode = FALSE
	EndGlobalSection
	GlobalSection(ExtensibilityGlobals) = postSolution
		SolutionGuid = {F64AB41E-E928-4B68-8525-CEA092B417B7}
	EndGlobalSection
EndGlobal
